
Microsoft Visual Studio Solution File, Format Version 9.00
# Visual Studio 2005
Project("{8BC9CEB8-8B4A-11D0-8D11-00A0C91BC942}") = "strandeditor", "strandeditor.vcproj", "{D9E4DB03-5071-453D-9B4D-9996D9A96D53}"
EndProject
Global
	GlobalSection(SolutionConfigurationPlatforms) = preSolution
		Debug|Win32 = Debug|Win32
		Release|Win32 = Release|Win32
	EndGlobalSection
	GlobalSection(ProjectConfigurationPlatforms) = postSolution
		{D9E4DB03-5071-453D-9B4D-9996D9A96D53}.Debug|Win32.ActiveCfg = Debug|Win32
		{D9E4DB03-5071-453D-9B4D-9996D9A96D53}.Debug|Win32.Build.0 = Debug|Win32
		{D9E4DB03-5071-453D-9B4D-9996D9A96D53}.Release|Win32.ActiveCfg = Release|Win32
		{D9E4DB03-5071-453D-9B4D-9996D9A96D53}.Release|Win32.Build.0 = Release|Win32
	EndGlobalSection
	GlobalSection(SolutionProperties) = preSolution
		HideSolutionNode = FALSE
	EndGlobalSection
EndGlobal
